
Microsoft Visual Studio Solution File, Format Version 12.00
# Visual Studio Version 17
VisualStudioVersion = 17.5.002.0
MinimumVisualStudioVersion = 10.0.40219.1
Project("{2150E333-8FDC-42A3-9474-1A3956D46DE8}") = "Finished", "Finished", "{3F96C913-2334-4A9D-AB71-999C561D851C}"
EndProject
Project("{2150E333-8FDC-42A3-9474-1A3956D46DE8}") = "Ch1", "Ch1", "{D8816D66-415A-4306-A81E-F23961EB9A19}"
EndProject
Project("{9A19103F-16F7-4668-BE54-9A1E7A4F7556}") = "PropsMethods", "Finished\Ch1\PropsMethods\PropsMethods.csproj", "{865BA8E9-B068-4F6E-885B-8064F4FA4284}"
EndProject
Project("{9A19103F-16F7-4668-BE54-9A1E7A4F7556}") = "AccessModifiers", "Finished\Ch1\AccessModifiers\AccessModifiers.csproj", "{28E2920C-1E0A-4413-8BB7-C1CD025E5412}"
EndProject
Project("{9A19103F-16F7-4668-BE54-9A1E7A4F7556}") = "classes", "Finished\Ch1\DefineClasses\classes.csproj", "{32EDD1F6-BE5B-465C-9BAF-1A550F4E0971}"
EndProject
Project("{9A19103F-16F7-4668-BE54-9A1E7A4F7556}") = "Inheritance", "Finished\Ch1\Inheritance\Inheritance.csproj", "{3882E3BC-8131-408D-ADCA-3F00A3075A52}"
EndProject
Project("{9A19103F-16F7-4668-BE54-9A1E7A4F7556}") = "AnonTypes", "Finished\Ch1\AnonTypes\AnonTypes.csproj", "{4CA9F4C3-DA08-43B5-96A0-D30D86BB956C}"
EndProject
Project("{2150E333-8FDC-42A3-9474-1A3956D46DE8}") = "Ch3", "Ch3", "{68CB5AF1-AA7E-422F-BD5F-8B2A1F9BE4CF}"
EndProject
Project("{9A19103F-16F7-4668-BE54-9A1E7A4F7556}") = "StaticMethods", "Finished\Ch3\StaticMethods\StaticMethods.csproj", "{4C1D8072-3C00-4929-AB0C-AF608E3D6CCB}"
EndProject
Project("{9A19103F-16F7-4668-BE54-9A1E7A4F7556}") = "StaticConstructor", "Finished\Ch3\StaticConstructor\StaticConstructor.csproj", "{2365ADE6-11BC-41B5-812A-72B988882DD7}"
EndProject
Project("{9A19103F-16F7-4668-BE54-9A1E7A4F7556}") = "StaticClasses", "Finished\Ch3\StaticClasses\StaticClasses.csproj", "{E445A9DE-9B0D-4EF7-AD70-C6F80BED1758}"
EndProject
Project("{9A19103F-16F7-4668-BE54-9A1E7A4F7556}") = "Challenge", "Finished\Ch3\Challenge\Challenge.csproj", "{89990351-7A92-4E64-9362-5A6362FBF5A4}"
EndProject
Project("{2150E333-8FDC-42A3-9474-1A3956D46DE8}") = "Ch4", "Ch4", "{1CAF696F-1BE4-4F7E-9C8C-B3C0A73C3CE1}"
EndProject
Project("{9A19103F-16F7-4668-BE54-9A1E7A4F7556}") = "AbstractPropsFuncs", "Finished\Ch4\AbstractPropsFuncs\AbstractPropsFuncs.csproj", "{C03ADAFA-D08D-483E-80AF-686C88934A5C}"
EndProject
Project("{9A19103F-16F7-4668-BE54-9A1E7A4F7556}") = "SealedClasses", "Finished\Ch4\SealedClasses\SealedClasses.csproj", "{FF765491-EB76-4880-BEC8-0BE77403E2D1}"
EndProject
Project("{9A19103F-16F7-4668-BE54-9A1E7A4F7556}") = "Challenge", "Finished\Ch4\Challenge\Challenge.csproj", "{AFF0D5CC-12B7-4275-87FD-FDE36515AC07}"
EndProject
Project("{9A19103F-16F7-4668-BE54-9A1E7A4F7556}") = "AbstractClasses", "Finished\Ch4\AbstractClasses\AbstractClasses.csproj", "{15A9DB71-56F5-4BFA-83E9-738809E2EE1C}"
EndProject
Project("{2150E333-8FDC-42A3-9474-1A3956D46DE8}") = "Ch2", "Ch2", "{E824A57C-4950-43A7-BFCD-4D5DA7A84779}"
EndProject
Project("{9A19103F-16F7-4668-BE54-9A1E7A4F7556}") = "InitProps", "Finished\Ch2\InitProps\InitProps.csproj", "{8E1DDBD7-B306-4130-9EF7-EB5081726778}"
EndProject
Project("{9A19103F-16F7-4668-BE54-9A1E7A4F7556}") = "RequiredProps", "Finished\Ch2\RequiredProps\RequiredProps.csproj", "{1EE5BF87-BEE2-42FD-A196-765CF05D2E13}"
EndProject
Project("{9A19103F-16F7-4668-BE54-9A1E7A4F7556}") = "ReadonlyProps", "Finished\Ch2\ReadonlyProps\ReadonlyProps.csproj", "{A0651637-7897-46B9-8646-D6F8CB428912}"
EndProject
Project("{9A19103F-16F7-4668-BE54-9A1E7A4F7556}") = "Challenge", "Finished\Ch2\Challenge\Challenge.csproj", "{3C590765-B5FD-4969-BE06-D829D2E06A12}"
EndProject
Project("{9A19103F-16F7-4668-BE54-9A1E7A4F7556}") = "ObjectInitializers", "Finished\Ch2\ObjectInitializers\ObjectInitializers.csproj", "{FDCE7091-7047-4084-B8CC-948A75ABDDDF}"
EndProject
Project("{2150E333-8FDC-42A3-9474-1A3956D46DE8}") = "Start", "Start", "{28B0273A-72D2-4D0A-BC51-8B8A81BDAEC2}"
EndProject
Project("{2150E333-8FDC-42A3-9474-1A3956D46DE8}") = "Ch1", "Ch1", "{57932C51-07BF-4FC7-BA4D-31CB1B98172B}"
EndProject
Project("{9A19103F-16F7-4668-BE54-9A1E7A4F7556}") = "PropsMethods", "Start\Ch1\PropsMethods\PropsMethods.csproj", "{A503BFB9-F911-41A2-A4DA-ADB4069A39E2}"
EndProject
Project("{9A19103F-16F7-4668-BE54-9A1E7A4F7556}") = "AccessModifiers", "Start\Ch1\AccessModifiers\AccessModifiers.csproj", "{EF0822F7-1C29-4845-A180-D68F52E4AA14}"
EndProject
Project("{9A19103F-16F7-4668-BE54-9A1E7A4F7556}") = "classes", "Start\Ch1\DefineClasses\classes.csproj", "{0FCACCBF-83EE-4EF6-94DE-B45CAED4C6E6}"
EndProject
Project("{9A19103F-16F7-4668-BE54-9A1E7A4F7556}") = "Inheritance", "Start\Ch1\Inheritance\Inheritance.csproj", "{2BFB8143-C7BE-4E55-B652-05E5CDD06115}"
EndProject
Project("{9A19103F-16F7-4668-BE54-9A1E7A4F7556}") = "AnonTypes", "Start\Ch1\AnonTypes\AnonTypes.csproj", "{5ADB3DA3-B3CC-4668-8963-5A02EE3AB7A2}"
EndProject
Project("{2150E333-8FDC-42A3-9474-1A3956D46DE8}") = "Ch3", "Ch3", "{2065B529-ECBF-4C13-BDED-E8C3E69187BA}"
EndProject
Project("{9A19103F-16F7-4668-BE54-9A1E7A4F7556}") = "StaticMethods", "Start\Ch3\StaticMethods\StaticMethods.csproj", "{24807BD9-4DBE-4CEB-956F-811053D27A0F}"
EndProject
Project("{9A19103F-16F7-4668-BE54-9A1E7A4F7556}") = "StaticConstructor", "Start\Ch3\StaticConstructor\StaticConstructor.csproj", "{71FF58AC-E6E4-43C0-9B61-21CBECB0295F}"
EndProject
Project("{9A19103F-16F7-4668-BE54-9A1E7A4F7556}") = "StaticClasses", "Start\Ch3\StaticClasses\StaticClasses.csproj", "{C684B99B-0453-45A3-A26A-93E0F393935D}"
EndProject
Project("{2150E333-8FDC-42A3-9474-1A3956D46DE8}") = "Ch4", "Ch4", "{9BEE2F4C-2B67-4938-AA7C-C09574A0A8BF}"
EndProject
Project("{9A19103F-16F7-4668-BE54-9A1E7A4F7556}") = "AbstractPropsFuncs", "Start\Ch4\AbstractPropsFuncs\AbstractPropsFuncs.csproj", "{2E9EE0DA-FB5D-424F-8FE0-E667CAFD8675}"
EndProject
Project("{9A19103F-16F7-4668-BE54-9A1E7A4F7556}") = "SealedClasses", "Start\Ch4\SealedClasses\SealedClasses.csproj", "{63BE429B-AA85-4ADE-A980-5665F06D8FDC}"
EndProject
Project("{9A19103F-16F7-4668-BE54-9A1E7A4F7556}") = "AbstractClasses", "Start\Ch4\AbstractClasses\AbstractClasses.csproj", "{B86C9EF3-C5B9-4A9D-B10B-C3E77634D29E}"
EndProject
Project("{2150E333-8FDC-42A3-9474-1A3956D46DE8}") = "Ch2", "Ch2", "{1867716F-7531-4CB2-8098-1F46F365E5AB}"
EndProject
Project("{9A19103F-16F7-4668-BE54-9A1E7A4F7556}") = "InitProps", "Start\Ch2\InitProps\InitProps.csproj", "{06E11B85-2BDB-49A2-9BED-90633F6F5C92}"
EndProject
Project("{9A19103F-16F7-4668-BE54-9A1E7A4F7556}") = "RequiredProps", "Start\Ch2\RequiredProps\RequiredProps.csproj", "{229505C3-A4BF-4F8A-BC05-EB15E7A85996}"
EndProject
Project("{9A19103F-16F7-4668-BE54-9A1E7A4F7556}") = "ReadonlyProps", "Start\Ch2\ReadonlyProps\ReadonlyProps.csproj", "{5B646387-A7B1-43B3-A8C5-93A1BB5B1E64}"
EndProject
Project("{9A19103F-16F7-4668-BE54-9A1E7A4F7556}") = "Challenge", "Start\Ch2\Challenge\Challenge.csproj", "{59504D1A-283B-4B08-B13C-FE8E8F10F3D4}"
EndProject
Project("{9A19103F-16F7-4668-BE54-9A1E7A4F7556}") = "ObjectInitializers", "Start\Ch2\ObjectInitializers\ObjectInitializers.csproj", "{6C2D7E56-1653-454E-A9B9-F5CFA850B9B1}"
EndProject
Global
	GlobalSection(SolutionConfigurationPlatforms) = preSolution
		Debug|Any CPU = Debug|Any CPU
		Release|Any CPU = Release|Any CPU
	EndGlobalSection
	GlobalSection(ProjectConfigurationPlatforms) = postSolution
		{865BA8E9-B068-4F6E-885B-8064F4FA4284}.Debug|Any CPU.ActiveCfg = Debug|Any CPU
		{865BA8E9-B068-4F6E-885B-8064F4FA4284}.Debug|Any CPU.Build.0 = Debug|Any CPU
		{865BA8E9-B068-4F6E-885B-8064F4FA4284}.Release|Any CPU.ActiveCfg = Release|Any CPU
		{865BA8E9-B068-4F6E-885B-8064F4FA4284}.Release|Any CPU.Build.0 = Release|Any CPU
		{28E2920C-1E0A-4413-8BB7-C1CD025E5412}.Debug|Any CPU.ActiveCfg = Debug|Any CPU
		{28E2920C-1E0A-4413-8BB7-C1CD025E5412}.Debug|Any CPU.Build.0 = Debug|Any CPU
		{28E2920C-1E0A-4413-8BB7-C1CD025E5412}.Release|Any CPU.ActiveCfg = Release|Any CPU
		{28E2920C-1E0A-4413-8BB7-C1CD025E5412}.Release|Any CPU.Build.0 = Release|Any CPU
		{32EDD1F6-BE5B-465C-9BAF-1A550F4E0971}.Debug|Any CPU.ActiveCfg = Debug|Any CPU
		{32EDD1F6-BE5B-465C-9BAF-1A550F4E0971}.Debug|Any CPU.Build.0 = Debug|Any CPU
		{32EDD1F6-BE5B-465C-9BAF-1A550F4E0971}.Release|Any CPU.ActiveCfg = Release|Any CPU
		{32EDD1F6-BE5B-465C-9BAF-1A550F4E0971}.Release|Any CPU.Build.0 = Release|Any CPU
		{3882E3BC-8131-408D-ADCA-3F00A3075A52}.Debug|Any CPU.ActiveCfg = Debug|Any CPU
		{3882E3BC-8131-408D-ADCA-3F00A3075A52}.Debug|Any CPU.Build.0 = Debug|Any CPU
		{3882E3BC-8131-408D-ADCA-3F00A3075A52}.Release|Any CPU.ActiveCfg = Release|Any CPU
		{3882E3BC-8131-408D-ADCA-3F00A3075A52}.Release|Any CPU.Build.0 = Release|Any CPU
		{4CA9F4C3-DA08-43B5-96A0-D30D86BB956C}.Debug|Any CPU.ActiveCfg = Debug|Any CPU
		{4CA9F4C3-DA08-43B5-96A0-D30D86BB956C}.Debug|Any CPU.Build.0 = Debug|Any CPU
		{4CA9F4C3-DA08-43B5-96A0-D30D86BB956C}.Release|Any CPU.ActiveCfg = Release|Any CPU
		{4CA9F4C3-DA08-43B5-96A0-D30D86BB956C}.Release|Any CPU.Build.0 = Release|Any CPU
		{4C1D8072-3C00-4929-AB0C-AF608E3D6CCB}.Debug|Any CPU.ActiveCfg = Debug|Any CPU
		{4C1D8072-3C00-4929-AB0C-AF608E3D6CCB}.Debug|Any CPU.Build.0 = Debug|Any CPU
		{4C1D8072-3C00-4929-AB0C-AF608E3D6CCB}.Release|Any CPU.ActiveCfg = Release|Any CPU
		{4C1D8072-3C00-4929-AB0C-AF608E3D6CCB}.Release|Any CPU.Build.0 = Release|Any CPU
		{2365ADE6-11BC-41B5-812A-72B988882DD7}.Debug|Any CPU.ActiveCfg = Debug|Any CPU
		{2365ADE6-11BC-41B5-812A-72B988882DD7}.Debug|Any CPU.Build.0 = Debug|Any CPU
		{2365ADE6-11BC-41B5-812A-72B988882DD7}.Release|Any CPU.ActiveCfg = Release|Any CPU
		{2365ADE6-11BC-41B5-812A-72B988882DD7}.Release|Any CPU.Build.0 = Release|Any CPU
		{E445A9DE-9B0D-4EF7-AD70-C6F80BED1758}.Debug|Any CPU.ActiveCfg = Debug|Any CPU
		{E445A9DE-9B0D-4EF7-AD70-C6F80BED1758}.Debug|Any CPU.Build.0 = Debug|Any CPU
		{E445A9DE-9B0D-4EF7-AD70-C6F80BED1758}.Release|Any CPU.ActiveCfg = Release|Any CPU
		{E445A9DE-9B0D-4EF7-AD70-C6F80BED1758}.Release|Any CPU.Build.0 = Release|Any CPU
		{89990351-7A92-4E64-9362-5A6362FBF5A4}.Debug|Any CPU.ActiveCfg = Debug|Any CPU
		{89990351-7A92-4E64-9362-5A6362FBF5A4}.Debug|Any CPU.Build.0 = Debug|Any CPU
		{89990351-7A92-4E64-9362-5A6362FBF5A4}.Release|Any CPU.ActiveCfg = Release|Any CPU
		{89990351-7A92-4E64-9362-5A6362FBF5A4}.Release|Any CPU.Build.0 = Release|Any CPU
		{C03ADAFA-D08D-483E-80AF-686C88934A5C}.Debug|Any CPU.ActiveCfg = Debug|Any CPU
		{C03ADAFA-D08D-483E-80AF-686C88934A5C}.Debug|Any CPU.Build.0 = Debug|Any CPU
		{C03ADAFA-D08D-483E-80AF-686C88934A5C}.Release|Any CPU.ActiveCfg = Release|Any CPU
		{C03ADAFA-D08D-483E-80AF-686C88934A5C}.Release|Any CPU.Build.0 = Release|Any CPU
		{FF765491-EB76-4880-BEC8-0BE77403E2D1}.Debug|Any CPU.ActiveCfg = Debug|Any CPU
		{FF765491-EB76-4880-BEC8-0BE77403E2D1}.Debug|Any CPU.Build.0 = Debug|Any CPU
		{FF765491-EB76-4880-BEC8-0BE77403E2D1}.Release|Any CPU.ActiveCfg = Release|Any CPU
		{FF765491-EB76-4880-BEC8-0BE77403E2D1}.Release|Any CPU.Build.0 = Release|Any CPU
		{AFF0D5CC-12B7-4275-87FD-FDE36515AC07}.Debug|Any CPU.ActiveCfg = Debug|Any CPU
		{AFF0D5CC-12B7-4275-87FD-FDE36515AC07}.Debug|Any CPU.Build.0 = Debug|Any CPU
		{AFF0D5CC-12B7-4275-87FD-FDE36515AC07}.Release|Any CPU.ActiveCfg = Release|Any CPU
		{AFF0D5CC-12B7-4275-87FD-FDE36515AC07}.Release|Any CPU.Build.0 = Release|Any CPU
		{15A9DB71-56F5-4BFA-83E9-738809E2EE1C}.Debug|Any CPU.ActiveCfg = Debug|Any CPU
		{15A9DB71-56F5-4BFA-83E9-738809E2EE1C}.Debug|Any CPU.Build.0 = Debug|Any CPU
		{15A9DB71-56F5-4BFA-83E9-738809E2EE1C}.Release|Any CPU.ActiveCfg = Release|Any CPU
		{15A9DB71-56F5-4BFA-83E9-738809E2EE1C}.Release|Any CPU.Build.0 = Release|Any CPU
		{8E1DDBD7-B306-4130-9EF7-EB5081726778}.Debug|Any CPU.ActiveCfg = Debug|Any CPU
		{8E1DDBD7-B306-4130-9EF7-EB5081726778}.Debug|Any CPU.Build.0 = Debug|Any CPU
		{8E1DDBD7-B306-4130-9EF7-EB5081726778}.Release|Any CPU.ActiveCfg = Release|Any CPU
		{8E1DDBD7-B306-4130-9EF7-EB5081726778}.Release|Any CPU.Build.0 = Release|Any CPU
		{1EE5BF87-BEE2-42FD-A196-765CF05D2E13}.Debug|Any CPU.ActiveCfg = Debug|Any CPU
		{1EE5BF87-BEE2-42FD-A196-765CF05D2E13}.Debug|Any CPU.Build.0 = Debug|Any CPU
		{1EE5BF87-BEE2-42FD-A196-765CF05D2E13}.Release|Any CPU.ActiveCfg = Release|Any CPU
		{1EE5BF87-BEE2-42FD-A196-765CF05D2E13}.Release|Any CPU.Build.0 = Release|Any CPU
		{A0651637-7897-46B9-8646-D6F8CB428912}.Debug|Any CPU.ActiveCfg = Debug|Any CPU
		{A0651637-7897-46B9-8646-D6F8CB428912}.Debug|Any CPU.Build.0 = Debug|Any CPU
		{A0651637-7897-46B9-8646-D6F8CB428912}.Release|Any CPU.ActiveCfg = Release|Any CPU
		{A0651637-7897-46B9-8646-D6F8CB428912}.Release|Any CPU.Build.0 = Release|Any CPU
		{3C590765-B5FD-4969-BE06-D829D2E06A12}.Debug|Any CPU.ActiveCfg = Debug|Any CPU
		{3C590765-B5FD-4969-BE06-D829D2E06A12}.Debug|Any CPU.Build.0 = Debug|Any CPU
		{3C590765-B5FD-4969-BE06-D829D2E06A12}.Release|Any CPU.ActiveCfg = Release|Any CPU
		{3C590765-B5FD-4969-BE06-D829D2E06A12}.Release|Any CPU.Build.0 = Release|Any CPU
		{FDCE7091-7047-4084-B8CC-948A75ABDDDF}.Debug|Any CPU.ActiveCfg = Debug|Any CPU
		{FDCE7091-7047-4084-B8CC-948A75ABDDDF}.Debug|Any CPU.Build.0 = Debug|Any CPU
		{FDCE7091-7047-4084-B8CC-948A75ABDDDF}.Release|Any CPU.ActiveCfg = Release|Any CPU
		{FDCE7091-7047-4084-B8CC-948A75ABDDDF}.Release|Any CPU.Build.0 = Release|Any CPU
		{A503BFB9-F911-41A2-A4DA-ADB4069A39E2}.Debug|Any CPU.ActiveCfg = Debug|Any CPU
		{A503BFB9-F911-41A2-A4DA-ADB4069A39E2}.Debug|Any CPU.Build.0 = Debug|Any CPU
		{A503BFB9-F911-41A2-A4DA-ADB4069A39E2}.Release|Any CPU.ActiveCfg = Release|Any CPU
		{A503BFB9-F911-41A2-A4DA-ADB4069A39E2}.Release|Any CPU.Build.0 = Release|Any CPU
		{EF0822F7-1C29-4845-A180-D68F52E4AA14}.Debug|Any CPU.ActiveCfg = Debug|Any CPU
		{EF0822F7-1C29-4845-A180-D68F52E4AA14}.Debug|Any CPU.Build.0 = Debug|Any CPU
		{EF0822F7-1C29-4845-A180-D68F52E4AA14}.Release|Any CPU.ActiveCfg = Release|Any CPU
		{EF0822F7-1C29-4845-A180-D68F52E4AA14}.Release|Any CPU.Build.0 = Release|Any CPU
		{0FCACCBF-83EE-4EF6-94DE-B45CAED4C6E6}.Debug|Any CPU.ActiveCfg = Debug|Any CPU
		{0FCACCBF-83EE-4EF6-94DE-B45CAED4C6E6}.Debug|Any CPU.Build.0 = Debug|Any CPU
		{0FCACCBF-83EE-4EF6-94DE-B45CAED4C6E6}.Release|Any CPU.ActiveCfg = Release|Any CPU
		{0FCACCBF-83EE-4EF6-94DE-B45CAED4C6E6}.Release|Any CPU.Build.0 = Release|Any CPU
		{2BFB8143-C7BE-4E55-B652-05E5CDD06115}.Debug|Any CPU.ActiveCfg = Debug|Any CPU
		{2BFB8143-C7BE-4E55-B652-05E5CDD06115}.Debug|Any CPU.Build.0 = Debug|Any CPU
		{2BFB8143-C7BE-4E55-B652-05E5CDD06115}.Release|Any CPU.ActiveCfg = Release|Any CPU
		{2BFB8143-C7BE-4E55-B652-05E5CDD06115}.Release|Any CPU.Build.0 = Release|Any CPU
		{5ADB3DA3-B3CC-4668-8963-5A02EE3AB7A2}.Debug|Any CPU.ActiveCfg = Debug|Any CPU
		{5ADB3DA3-B3CC-4668-8963-5A02EE3AB7A2}.Debug|Any CPU.Build.0 = Debug|Any CPU
		{5ADB3DA3-B3CC-4668-8963-5A02EE3AB7A2}.Release|Any CPU.ActiveCfg = Release|Any CPU
		{5ADB3DA3-B3CC-4668-8963-5A02EE3AB7A2}.Release|Any CPU.Build.0 = Release|Any CPU
		{24807BD9-4DBE-4CEB-956F-811053D27A0F}.Debug|Any CPU.ActiveCfg = Debug|Any CPU
		{24807BD9-4DBE-4CEB-956F-811053D27A0F}.Debug|Any CPU.Build.0 = Debug|Any CPU
		{24807BD9-4DBE-4CEB-956F-811053D27A0F}.Release|Any CPU.ActiveCfg = Release|Any CPU
		{24807BD9-4DBE-4CEB-956F-811053D27A0F}.Release|Any CPU.Build.0 = Release|Any CPU
		{71FF58AC-E6E4-43C0-9B61-21CBECB0295F}.Debug|Any CPU.ActiveCfg = Debug|Any CPU
		{71FF58AC-E6E4-43C0-9B61-21CBECB0295F}.Debug|Any CPU.Build.0 = Debug|Any CPU
		{71FF58AC-E6E4-43C0-9B61-21CBECB0295F}.Release|Any CPU.ActiveCfg = Release|Any CPU
		{71FF58AC-E6E4-43C0-9B61-21CBECB0295F}.Release|Any CPU.Build.0 = Release|Any CPU
		{C684B99B-0453-45A3-A26A-93E0F393935D}.Debug|Any CPU.ActiveCfg = Debug|Any CPU
		{C684B99B-0453-45A3-A26A-93E0F393935D}.Debug|Any CPU.Build.0 = Debug|Any CPU
		{C684B99B-0453-45A3-A26A-93E0F393935D}.Release|Any CPU.ActiveCfg = Release|Any CPU
		{C684B99B-0453-45A3-A26A-93E0F393935D}.Release|Any CPU.Build.0 = Release|Any CPU
		{2E9EE0DA-FB5D-424F-8FE0-E667CAFD8675}.Debug|Any CPU.ActiveCfg = Debug|Any CPU
		{2E9EE0DA-FB5D-424F-8FE0-E667CAFD8675}.Debug|Any CPU.Build.0 = Debug|Any CPU
		{2E9EE0DA-FB5D-424F-8FE0-E667CAFD8675}.Release|Any CPU.ActiveCfg = Release|Any CPU
		{2E9EE0DA-FB5D-424F-8FE0-E667CAFD8675}.Release|Any CPU.Build.0 = Release|Any CPU
		{63BE429B-AA85-4ADE-A980-5665F06D8FDC}.Debug|Any CPU.ActiveCfg = Debug|Any CPU
		{63BE429B-AA85-4ADE-A980-5665F06D8FDC}.Debug|Any CPU.Build.0 = Debug|Any CPU
		{63BE429B-AA85-4ADE-A980-5665F06D8FDC}.Release|Any CPU.ActiveCfg = Release|Any CPU
		{63BE429B-AA85-4ADE-A980-5665F06D8FDC}.Release|Any CPU.Build.0 = Release|Any CPU
		{B86C9EF3-C5B9-4A9D-B10B-C3E77634D29E}.Debug|Any CPU.ActiveCfg = Debug|Any CPU
		{B86C9EF3-C5B9-4A9D-B10B-C3E77634D29E}.Debug|Any CPU.Build.0 = Debug|Any CPU
		{B86C9EF3-C5B9-4A9D-B10B-C3E77634D29E}.Release|Any CPU.ActiveCfg = Release|Any CPU
		{B86C9EF3-C5B9-4A9D-B10B-C3E77634D29E}.Release|Any CPU.Build.0 = Release|Any CPU
		{06E11B85-2BDB-49A2-9BED-90633F6F5C92}.Debug|Any CPU.ActiveCfg = Debug|Any CPU
		{06E11B85-2BDB-49A2-9BED-90633F6F5C92}.Debug|Any CPU.Build.0 = Debug|Any CPU
		{06E11B85-2BDB-49A2-9BED-90633F6F5C92}.Release|Any CPU.ActiveCfg = Release|Any CPU
		{06E11B85-2BDB-49A2-9BED-90633F6F5C92}.Release|Any CPU.Build.0 = Release|Any CPU
		{229505C3-A4BF-4F8A-BC05-EB15E7A85996}.Debug|Any CPU.ActiveCfg = Debug|Any CPU
		{229505C3-A4BF-4F8A-BC05-EB15E7A85996}.Debug|Any CPU.Build.0 = Debug|Any CPU
		{229505C3-A4BF-4F8A-BC05-EB15E7A85996}.Release|Any CPU.ActiveCfg = Release|Any CPU
		{229505C3-A4BF-4F8A-BC05-EB15E7A85996}.Release|Any CPU.Build.0 = Release|Any CPU
		{5B646387-A7B1-43B3-A8C5-93A1BB5B1E64}.Debug|Any CPU.ActiveCfg = Debug|Any CPU
		{5B646387-A7B1-43B3-A8C5-93A1BB5B1E64}.Debug|Any CPU.Build.0 = Debug|Any CPU
		{5B646387-A7B1-43B3-A8C5-93A1BB5B1E64}.Release|Any CPU.ActiveCfg = Release|Any CPU
		{5B646387-A7B1-43B3-A8C5-93A1BB5B1E64}.Release|Any CPU.Build.0 = Release|Any CPU
		{59504D1A-283B-4B08-B13C-FE8E8F10F3D4}.Debug|Any CPU.ActiveCfg = Debug|Any CPU
		{59504D1A-283B-4B08-B13C-FE8E8F10F3D4}.Debug|Any CPU.Build.0 = Debug|Any CPU
		{59504D1A-283B-4B08-B13C-FE8E8F10F3D4}.Release|Any CPU.ActiveCfg = Release|Any CPU
		{59504D1A-283B-4B08-B13C-FE8E8F10F3D4}.Release|Any CPU.Build.0 = Release|Any CPU
		{6C2D7E56-1653-454E-A9B9-F5CFA850B9B1}.Debug|Any CPU.ActiveCfg = Debug|Any CPU
		{6C2D7E56-1653-454E-A9B9-F5CFA850B9B1}.Debug|Any CPU.Build.0 = Debug|Any CPU
		{6C2D7E56-1653-454E-A9B9-F5CFA850B9B1}.Release|Any CPU.ActiveCfg = Release|Any CPU
		{6C2D7E56-1653-454E-A9B9-F5CFA850B9B1}.Release|Any CPU.Build.0 = Release|Any CPU
	EndGlobalSection
	GlobalSection(SolutionProperties) = preSolution
		HideSolutionNode = FALSE
	EndGlobalSection
	GlobalSection(NestedProjects) = preSolution
		{D8816D66-415A-4306-A81E-F23961EB9A19} = {3F96C913-2334-4A9D-AB71-999C561D851C}
		{865BA8E9-B068-4F6E-885B-8064F4FA4284} = {D8816D66-415A-4306-A81E-F23961EB9A19}
		{28E2920C-1E0A-4413-8BB7-C1CD025E5412} = {D8816D66-415A-4306-A81E-F23961EB9A19}
		{32EDD1F6-BE5B-465C-9BAF-1A550F4E0971} = {D8816D66-415A-4306-A81E-F23961EB9A19}
		{3882E3BC-8131-408D-ADCA-3F00A3075A52} = {D8816D66-415A-4306-A81E-F23961EB9A19}
		{4CA9F4C3-DA08-43B5-96A0-D30D86BB956C} = {D8816D66-415A-4306-A81E-F23961EB9A19}
		{68CB5AF1-AA7E-422F-BD5F-8B2A1F9BE4CF} = {3F96C913-2334-4A9D-AB71-999C561D851C}
		{4C1D8072-3C00-4929-AB0C-AF608E3D6CCB} = {68CB5AF1-AA7E-422F-BD5F-8B2A1F9BE4CF}
		{2365ADE6-11BC-41B5-812A-72B988882DD7} = {68CB5AF1-AA7E-422F-BD5F-8B2A1F9BE4CF}
		{E445A9DE-9B0D-4EF7-AD70-C6F80BED1758} = {68CB5AF1-AA7E-422F-BD5F-8B2A1F9BE4CF}
		{89990351-7A92-4E64-9362-5A6362FBF5A4} = {68CB5AF1-AA7E-422F-BD5F-8B2A1F9BE4CF}
		{1CAF696F-1BE4-4F7E-9C8C-B3C0A73C3CE1} = {3F96C913-2334-4A9D-AB71-999C561D851C}
		{C03ADAFA-D08D-483E-80AF-686C88934A5C} = {1CAF696F-1BE4-4F7E-9C8C-B3C0A73C3CE1}
		{FF765491-EB76-4880-BEC8-0BE77403E2D1} = {1CAF696F-1BE4-4F7E-9C8C-B3C0A73C3CE1}
		{AFF0D5CC-12B7-4275-87FD-FDE36515AC07} = {1CAF696F-1BE4-4F7E-9C8C-B3C0A73C3CE1}
		{15A9DB71-56F5-4BFA-83E9-738809E2EE1C} = {1CAF696F-1BE4-4F7E-9C8C-B3C0A73C3CE1}
		{E824A57C-4950-43A7-BFCD-4D5DA7A84779} = {3F96C913-2334-4A9D-AB71-999C561D851C}
		{8E1DDBD7-B306-4130-9EF7-EB5081726778} = {E824A57C-4950-43A7-BFCD-4D5DA7A84779}
		{1EE5BF87-BEE2-42FD-A196-765CF05D2E13} = {E824A57C-4950-43A7-BFCD-4D5DA7A84779}
		{A0651637-7897-46B9-8646-D6F8CB428912} = {E824A57C-4950-43A7-BFCD-4D5DA7A84779}
		{3C590765-B5FD-4969-BE06-D829D2E06A12} = {E824A57C-4950-43A7-BFCD-4D5DA7A84779}
		{FDCE7091-7047-4084-B8CC-948A75ABDDDF} = {E824A57C-4950-43A7-BFCD-4D5DA7A84779}
		{57932C51-07BF-4FC7-BA4D-31CB1B98172B} = {28B0273A-72D2-4D0A-BC51-8B8A81BDAEC2}
		{A503BFB9-F911-41A2-A4DA-ADB4069A39E2} = {57932C51-07BF-4FC7-BA4D-31CB1B98172B}
		{EF0822F7-1C29-4845-A180-D68F52E4AA14} = {57932C51-07BF-4FC7-BA4D-31CB1B98172B}
		{0FCACCBF-83EE-4EF6-94DE-B45CAED4C6E6} = {57932C51-07BF-4FC7-BA4D-31CB1B98172B}
		{2BFB8143-C7BE-4E55-B652-05E5CDD06115} = {57932C51-07BF-4FC7-BA4D-31CB1B98172B}
		{5ADB3DA3-B3CC-4668-8963-5A02EE3AB7A2} = {57932C51-07BF-4FC7-BA4D-31CB1B98172B}
		{2065B529-ECBF-4C13-BDED-E8C3E69187BA} = {28B0273A-72D2-4D0A-BC51-8B8A81BDAEC2}
		{24807BD9-4DBE-4CEB-956F-811053D27A0F} = {2065B529-ECBF-4C13-BDED-E8C3E69187BA}
		{71FF58AC-E6E4-43C0-9B61-21CBECB0295F} = {2065B529-ECBF-4C13-BDED-E8C3E69187BA}
		{C684B99B-0453-45A3-A26A-93E0F393935D} = {2065B529-ECBF-4C13-BDED-E8C3E69187BA}
		{9BEE2F4C-2B67-4938-AA7C-C09574A0A8BF} = {28B0273A-72D2-4D0A-BC51-8B8A81BDAEC2}
		{2E9EE0DA-FB5D-424F-8FE0-E667CAFD8675} = {9BEE2F4C-2B67-4938-AA7C-C09574A0A8BF}
		{63BE429B-AA85-4ADE-A980-5665F06D8FDC} = {9BEE2F4C-2B67-4938-AA7C-C09574A0A8BF}
		{B86C9EF3-C5B9-4A9D-B10B-C3E77634D29E} = {9BEE2F4C-2B67-4938-AA7C-C09574A0A8BF}
		{1867716F-7531-4CB2-8098-1F46F365E5AB} = {28B0273A-72D2-4D0A-BC51-8B8A81BDAEC2}
		{06E11B85-2BDB-49A2-9BED-90633F6F5C92} = {1867716F-7531-4CB2-8098-1F46F365E5AB}
		{229505C3-A4BF-4F8A-BC05-EB15E7A85996} = {1867716F-7531-4CB2-8098-1F46F365E5AB}
		{5B646387-A7B1-43B3-A8C5-93A1BB5B1E64} = {1867716F-7531-4CB2-8098-1F46F365E5AB}
		{59504D1A-283B-4B08-B13C-FE8E8F10F3D4} = {1867716F-7531-4CB2-8098-1F46F365E5AB}
		{6C2D7E56-1653-454E-A9B9-F5CFA850B9B1} = {1867716F-7531-4CB2-8098-1F46F365E5AB}
	EndGlobalSection
	GlobalSection(ExtensibilityGlobals) = postSolution
		SolutionGuid = {EE747DBE-A0EF-4096-9F11-8161F8AAB93D}
	EndGlobalSection
EndGlobal
